
Microsoft Visual Studio Solution File, Format Version 12.00
# Visual Studio Version 16
VisualStudioVersion = 16.0.31911.196
MinimumVisualStudioVersion = 10.0.40219.1
Project("{9A19103F-16F7-4668-BE54-9A1E7A4F7556}") = "DotNETgRPCServiceInteractionDemo", "DotNETgRPCServiceInteractionDemo.csproj", "{2F7148B8-11F1-4862-8724-A7CF7F460A31}"
EndProject
Project("{FAE04EC0-301F-11D3-BF4B-00C04F79EFBC}") = "Client", "..\Client\Client.csproj", "{2679726D-A98F-4419-BB29-CB49718B5601}"
EndProject
Global
	GlobalSection(SolutionConfigurationPlatforms) = preSolution
		Debug|Any CPU = Debug|Any CPU
		Release|Any CPU = Release|Any CPU
	EndGlobalSection
	GlobalSection(ProjectConfigurationPlatforms) = postSolution
		{2F7148B8-11F1-4862-8724-A7CF7F460A31}.Debug|Any CPU.ActiveCfg = Debug|Any CPU
		{2F7148B8-11F1-4862-8724-A7CF7F460A31}.Debug|Any CPU.Build.0 = Debug|Any CPU
		{2F7148B8-11F1-4862-8724-A7CF7F460A31}.Release|Any CPU.ActiveCfg = Release|Any CPU
		{2F7148B8-11F1-4862-8724-A7CF7F460A31}.Release|Any CPU.Build.0 = Release|Any CPU
		{2679726D-A98F-4419-BB29-CB49718B5601}.Debug|Any CPU.ActiveCfg = Debug|Any CPU
		{2679726D-A98F-4419-BB29-CB49718B5601}.Debug|Any CPU.Build.0 = Debug|Any CPU
		{2679726D-A98F-4419-BB29-CB49718B5601}.Release|Any CPU.ActiveCfg = Release|Any CPU
		{2679726D-A98F-4419-BB29-CB49718B5601}.Release|Any CPU.Build.0 = Release|Any CPU
	EndGlobalSection
	GlobalSection(SolutionProperties) = preSolution
		HideSolutionNode = FALSE
	EndGlobalSection
	GlobalSection(ExtensibilityGlobals) = postSolution
		SolutionGuid = {07335CF2-53CC-4E99-AAA9-9E23A48FE0C6}
	EndGlobalSection
EndGlobal
